
Microsoft Visual Studio Solution File, Format Version 12.00
# Visual Studio Version 16
VisualStudioVersion = 16.0.31702.278
MinimumVisualStudioVersion = 10.0.40219.1
Project("{FAE04EC0-301F-11D3-BF4B-00C04F79EFBC}") = "PresentationLayer", "rss_reader_group3\PresentationLayer.csproj", "{8381D4B0-4DD2-4E26-8D51-99F50D562ADB}"
	ProjectSection(ProjectDependencies) = postProject
		{AC17F584-A8EE-4183-9D79-ABEB1BD35982} = {AC17F584-A8EE-4183-9D79-ABEB1BD35982}
	EndProjectSection
EndProject
Project("{9A19103F-16F7-4668-BE54-9A1E7A4F7556}") = "BusinessLayer", "BusinessLayer\BusinessLayer.csproj", "{AC17F584-A8EE-4183-9D79-ABEB1BD35982}"
	ProjectSection(ProjectDependencies) = postProject
		{07A177AB-932D-4867-B296-359E1B2E9185} = {07A177AB-932D-4867-B296-359E1B2E9185}
	EndProjectSection
EndProject
Project("{9A19103F-16F7-4668-BE54-9A1E7A4F7556}") = "DataAccessLayer", "DataAccessLayer\DataAccessLayer.csproj", "{07A177AB-932D-4867-B296-359E1B2E9185}"
EndProject
Global
	GlobalSection(SolutionConfigurationPlatforms) = preSolution
		Debug|Any CPU = Debug|Any CPU
		Release|Any CPU = Release|Any CPU
	EndGlobalSection
	GlobalSection(ProjectConfigurationPlatforms) = postSolution
		{8381D4B0-4DD2-4E26-8D51-99F50D562ADB}.Debug|Any CPU.ActiveCfg = Debug|Any CPU
		{8381D4B0-4DD2-4E26-8D51-99F50D562ADB}.Debug|Any CPU.Build.0 = Debug|Any CPU
		{8381D4B0-4DD2-4E26-8D51-99F50D562ADB}.Release|Any CPU.ActiveCfg = Release|Any CPU
		{8381D4B0-4DD2-4E26-8D51-99F50D562ADB}.Release|Any CPU.Build.0 = Release|Any CPU
		{AC17F584-A8EE-4183-9D79-ABEB1BD35982}.Debug|Any CPU.ActiveCfg = Debug|Any CPU
		{AC17F584-A8EE-4183-9D79-ABEB1BD35982}.Debug|Any CPU.Build.0 = Debug|Any CPU
		{AC17F584-A8EE-4183-9D79-ABEB1BD35982}.Release|Any CPU.ActiveCfg = Release|Any CPU
		{AC17F584-A8EE-4183-9D79-ABEB1BD35982}.Release|Any CPU.Build.0 = Release|Any CPU
		{07A177AB-932D-4867-B296-359E1B2E9185}.Debug|Any CPU.ActiveCfg = Debug|Any CPU
		{07A177AB-932D-4867-B296-359E1B2E9185}.Debug|Any CPU.Build.0 = Debug|Any CPU
		{07A177AB-932D-4867-B296-359E1B2E9185}.Release|Any CPU.ActiveCfg = Release|Any CPU
		{07A177AB-932D-4867-B296-359E1B2E9185}.Release|Any CPU.Build.0 = Release|Any CPU
	EndGlobalSection
	GlobalSection(SolutionProperties) = preSolution
		HideSolutionNode = FALSE
	EndGlobalSection
	GlobalSection(ExtensibilityGlobals) = postSolution
		SolutionGuid = {4BD277BC-5B58-47D7-8709-2DC985E4FF2C}
	EndGlobalSection
EndGlobal
