
Microsoft Visual Studio Solution File, Format Version 12.00
# Visual Studio Version 16
VisualStudioVersion = 16.0.31702.278
MinimumVisualStudioVersion = 10.0.40219.1
Project("{FAE04EC0-301F-11D3-BF4B-00C04F79EFBC}") = "BusinessLayer", "BusinessLayer\BusinessLayer.csproj", "{443978DE-1B35-49EE-B0EA-1285EEE884F5}"
EndProject
Project("{FAE04EC0-301F-11D3-BF4B-00C04F79EFBC}") = "DataAccess", "DataAccess\DataAccess.csproj", "{6A6353FA-89DE-4553-8D1F-B3D85B6E2BDE}"
EndProject
Project("{FAE04EC0-301F-11D3-BF4B-00C04F79EFBC}") = "Models", "Models\Models.csproj", "{F554B4E3-9AC9-4307-A996-1676F5790548}"
EndProject
Project("{FAE04EC0-301F-11D3-BF4B-00C04F79EFBC}") = "Program", "Program\Program.csproj", "{74B61BD8-32D3-4D3B-9591-1F25DE12F481}"
EndProject
Global
	GlobalSection(SolutionConfigurationPlatforms) = preSolution
		Debug|Any CPU = Debug|Any CPU
		Release|Any CPU = Release|Any CPU
	EndGlobalSection
	GlobalSection(ProjectConfigurationPlatforms) = postSolution
		{443978DE-1B35-49EE-B0EA-1285EEE884F5}.Debug|Any CPU.ActiveCfg = Debug|Any CPU
		{443978DE-1B35-49EE-B0EA-1285EEE884F5}.Debug|Any CPU.Build.0 = Debug|Any CPU
		{443978DE-1B35-49EE-B0EA-1285EEE884F5}.Release|Any CPU.ActiveCfg = Release|Any CPU
		{443978DE-1B35-49EE-B0EA-1285EEE884F5}.Release|Any CPU.Build.0 = Release|Any CPU
		{6A6353FA-89DE-4553-8D1F-B3D85B6E2BDE}.Debug|Any CPU.ActiveCfg = Debug|Any CPU
		{6A6353FA-89DE-4553-8D1F-B3D85B6E2BDE}.Debug|Any CPU.Build.0 = Debug|Any CPU
		{6A6353FA-89DE-4553-8D1F-B3D85B6E2BDE}.Release|Any CPU.ActiveCfg = Release|Any CPU
		{6A6353FA-89DE-4553-8D1F-B3D85B6E2BDE}.Release|Any CPU.Build.0 = Release|Any CPU
		{F554B4E3-9AC9-4307-A996-1676F5790548}.Debug|Any CPU.ActiveCfg = Debug|Any CPU
		{F554B4E3-9AC9-4307-A996-1676F5790548}.Debug|Any CPU.Build.0 = Debug|Any CPU
		{F554B4E3-9AC9-4307-A996-1676F5790548}.Release|Any CPU.ActiveCfg = Release|Any CPU
		{F554B4E3-9AC9-4307-A996-1676F5790548}.Release|Any CPU.Build.0 = Release|Any CPU
		{74B61BD8-32D3-4D3B-9591-1F25DE12F481}.Debug|Any CPU.ActiveCfg = Debug|Any CPU
		{74B61BD8-32D3-4D3B-9591-1F25DE12F481}.Debug|Any CPU.Build.0 = Debug|Any CPU
		{74B61BD8-32D3-4D3B-9591-1F25DE12F481}.Release|Any CPU.ActiveCfg = Release|Any CPU
		{74B61BD8-32D3-4D3B-9591-1F25DE12F481}.Release|Any CPU.Build.0 = Release|Any CPU
	EndGlobalSection
	GlobalSection(SolutionProperties) = preSolution
		HideSolutionNode = FALSE
	EndGlobalSection
	GlobalSection(ExtensibilityGlobals) = postSolution
		SolutionGuid = {4BD277BC-5B58-47D7-8709-2DC985E4FF2C}
	EndGlobalSection
EndGlobal
